
Microsoft Visual Studio Solution File, Format Version 12.00
# Visual Studio Version 16
VisualStudioVersion = 16.0.31729.503
MinimumVisualStudioVersion = 10.0.40219.1
Project("{FAE04EC0-301F-11D3-BF4B-00C04F79EFBC}") = "pilaresPOO", "pilaresPOO.csproj", "{4058F4A0-EABE-486B-B814-8722D2CBF3B4}"
EndProject
Global
	GlobalSection(SolutionConfigurationPlatforms) = preSolution
		Debug|Any CPU = Debug|Any CPU
		Release|Any CPU = Release|Any CPU
	EndGlobalSection
	GlobalSection(ProjectConfigurationPlatforms) = postSolution
		{4058F4A0-EABE-486B-B814-8722D2CBF3B4}.Debug|Any CPU.ActiveCfg = Debug|Any CPU
		{4058F4A0-EABE-486B-B814-8722D2CBF3B4}.Debug|Any CPU.Build.0 = Debug|Any CPU
		{4058F4A0-EABE-486B-B814-8722D2CBF3B4}.Release|Any CPU.ActiveCfg = Release|Any CPU
		{4058F4A0-EABE-486B-B814-8722D2CBF3B4}.Release|Any CPU.Build.0 = Release|Any CPU
	EndGlobalSection
	GlobalSection(SolutionProperties) = preSolution
		HideSolutionNode = FALSE
	EndGlobalSection
	GlobalSection(ExtensibilityGlobals) = postSolution
		SolutionGuid = {0C2842ED-F754-4790-A9F6-3EB6B20D6F16}
	EndGlobalSection
EndGlobal
